
Microsoft Visual Studio Solution File, Format Version 12.00
# Visual Studio 15
VisualStudioVersion = 15.0.27703.2026
MinimumVisualStudioVersion = 10.0.40219.1
Project("{FAE04EC0-301F-11D3-BF4B-00C04F79EFBC}") = "ABM", "ABM\ABM.csproj", "{A1B0B9A9-481D-448F-9AC3-7F02A765BAEE}"
EndProject
Global
	GlobalSection(SolutionConfigurationPlatforms) = preSolution
		Debug|Any CPU = Debug|Any CPU
		Release|Any CPU = Release|Any CPU
	EndGlobalSection
	GlobalSection(ProjectConfigurationPlatforms) = postSolution
		{A1B0B9A9-481D-448F-9AC3-7F02A765BAEE}.Debug|Any CPU.ActiveCfg = Debug|Any CPU
		{A1B0B9A9-481D-448F-9AC3-7F02A765BAEE}.Debug|Any CPU.Build.0 = Debug|Any CPU
		{A1B0B9A9-481D-448F-9AC3-7F02A765BAEE}.Release|Any CPU.ActiveCfg = Release|Any CPU
		{A1B0B9A9-481D-448F-9AC3-7F02A765BAEE}.Release|Any CPU.Build.0 = Release|Any CPU
	EndGlobalSection
	GlobalSection(SolutionProperties) = preSolution
		HideSolutionNode = FALSE
	EndGlobalSection
	GlobalSection(ExtensibilityGlobals) = postSolution
		SolutionGuid = {0BB8A023-1774-496F-A678-9727E0DF0DD0}
	EndGlobalSection
EndGlobal
